// !$*UTF8*$!
{
	archiveVersion = 1;
	classes = {
	};
	objectVersion = 48;
	objects = {

/* Begin PBXBuildFile section */
		A6E5870B1FE5673500AD7BB8 /* AppDelegate.swift in Sources */ = {isa = PBXBuildFile; fileRef = A6E5870A1FE5673500AD7BB8 /* AppDelegate.swift */; };
		A6E5870D1FE5673500AD7BB8 /* ViewController.swift in Sources */ = {isa = PBXBuildFile; fileRef = A6E5870C1FE5673500AD7BB8 /* ViewController.swift */; };
		A6E587101FE5673500AD7BB8 /* Main.storyboard in Resources */ = {isa = PBXBuildFile; fileRef = A6E5870E1FE5673500AD7BB8 /* Main.storyboard */; };
		A6E587121FE5673500AD7BB8 /* Assets.xcassets in Resources */ = {isa = PBXBuildFile; fileRef = A6E587111FE5673500AD7BB8 /* Assets.xcassets */; };
		A6E587151FE5673500AD7BB8 /* LaunchScreen.storyboard in Resources */ = {isa = PBXBuildFile; fileRef = A6E587131FE5673500AD7BB8 /* LaunchScreen.storyboard */; };
		A6E587201FE5673500AD7BB8 /* Example1Tests.swift in Sources */ = {isa = PBXBuildFile; fileRef = A6E5871F1FE5673500AD7BB8 /* Example1Tests.swift */; };
		A6E5872B1FE5673500AD7BB8 /* Example1UITests.swift in Sources */ = {isa = PBXBuildFile; fileRef = A6E5872A1FE5673500AD7BB8 /* Example1UITests.swift */; };
		A6E587391FE6349F00AD7BB8 /* SongsController.swift in Sources */ = {isa = PBXBuildFile; fileRef = A6E587381FE6349F00AD7BB8 /* SongsController.swift */; };
/* End PBXBuildFile section */

/* Begin PBXContainerItemProxy section */
		A6E5871C1FE5673500AD7BB8 /* PBXContainerItemProxy */ = {
			isa = PBXContainerItemProxy;
			containerPortal = A6E586FF1FE5673400AD7BB8 /* Project object */;
			proxyType = 1;
			remoteGlobalIDString = A6E587061FE5673400AD7BB8;
			remoteInfo = Example1;
		};
		A6E587271FE5673500AD7BB8 /* PBXContainerItemProxy */ = {
			isa = PBXContainerItemProxy;
			containerPortal = A6E586FF1FE5673400AD7BB8 /* Project object */;
			proxyType = 1;
			remoteGlobalIDString = A6E587061FE5673400AD7BB8;
			remoteInfo = Example1;
		};
/* End PBXContainerItemProxy section */

/* Begin PBXFileReference section */
		A6E587071FE5673400AD7BB8 /* Example1.app */ = {isa = PBXFileReference; explicitFileType = wrapper.application; includeInIndex = 0; path = Example1.app; sourceTree = BUILT_PRODUCTS_DIR; };
		A6E5870A1FE5673500AD7BB8 /* AppDelegate.swift */ = {isa = PBXFileReference; lastKnownFileType = sourcecode.swift; path = AppDelegate.swift; sourceTree = "<group>"; };
		A6E5870C1FE5673500AD7BB8 /* ViewController.swift */ = {isa = PBXFileReference; lastKnownFileType = sourcecode.swift; path = ViewController.swift; sourceTree = "<group>"; };
		A6E5870F1FE5673500AD7BB8 /* Base */ = {isa = PBXFileReference; lastKnownFileType = file.storyboard; name = Base; path = Base.lproj/Main.storyboard; sourceTree = "<group>"; };
		A6E587111FE5673500AD7BB8 /* Assets.xcassets */ = {isa = PBXFileReference; lastKnownFileType = folder.assetcatalog; path = Assets.xcassets; sourceTree = "<group>"; };
		A6E587141FE5673500AD7BB8 /* Base */ = {isa = PBXFileReference; lastKnownFileType = file.storyboard; name = Base; path = Base.lproj/LaunchScreen.storyboard; sourceTree = "<group>"; };
		A6E587161FE5673500AD7BB8 /* Info.plist */ = {isa = PBXFileReference; lastKnownFileType = text.plist.xml; path = Info.plist; sourceTree = "<group>"; };
		A6E5871B1FE5673500AD7BB8 /* Example1Tests.xctest */ = {isa = PBXFileReference; explicitFileType = wrapper.cfbundle; includeInIndex = 0; path = Example1Tests.xctest; sourceTree = BUILT_PRODUCTS_DIR; };
		A6E5871F1FE5673500AD7BB8 /* Example1Tests.swift */ = {isa = PBXFileReference; lastKnownFileType = sourcecode.swift; path = Example1Tests.swift; sourceTree = "<group>"; };
		A6E587211FE5673500AD7BB8 /* Info.plist */ = {isa = PBXFileReference; lastKnownFileType = text.plist.xml; path = Info.plist; sourceTree = "<group>"; };
		A6E587261FE5673500AD7BB8 /* Example1UITests.xctest */ = {isa = PBXFileReference; explicitFileType = wrapper.cfbundle; includeInIndex = 0; path = Example1UITests.xctest; sourceTree = BUILT_PRODUCTS_DIR; };
		A6E5872A1FE5673500AD7BB8 /* Example1UITests.swift */ = {isa = PBXFileReference; lastKnownFileType = sourcecode.swift; path = Example1UITests.swift; sourceTree = "<group>"; };
		A6E5872C1FE5673500AD7BB8 /* Info.plist */ = {isa = PBXFileReference; lastKnownFileType = text.plist.xml; path = Info.plist; sourceTree = "<group>"; };
		A6E587381FE6349F00AD7BB8 /* SongsController.swift */ = {isa = PBXFileReference; lastKnownFileType = sourcecode.swift; path = SongsController.swift; sourceTree = "<group>"; };
/* End PBXFileReference section */

/* Begin PBXFrameworksBuildPhase section */
		A6E587041FE5673400AD7BB8 /* Frameworks */ = {
			isa = PBXFrameworksBuildPhase;
			buildActionMask = 2147483647;
			files = (
			);
			runOnlyForDeploymentPostprocessing = 0;
		};
		A6E587181FE5673500AD7BB8 /* Frameworks */ = {
			isa = PBXFrameworksBuildPhase;
			buildActionMask = 2147483647;
			files = (
			);
			runOnlyForDeploymentPostprocessing = 0;
		};
		A6E587231FE5673500AD7BB8 /* Frameworks */ = {
			isa = PBXFrameworksBuildPhase;
			buildActionMask = 2147483647;
			files = (
			);
			runOnlyForDeploymentPostprocessing = 0;
		};
/* End PBXFrameworksBuildPhase section */

/* Begin PBXGroup section */
		A6E586FE1FE5673400AD7BB8 = {
			isa = PBXGroup;
			children = (
				A6E587091FE5673400AD7BB8 /* Example1 */,
				A6E5871E1FE5673500AD7BB8 /* Example1Tests */,
				A6E587291FE5673500AD7BB8 /* Example1UITests */,
				A6E587081FE5673400AD7BB8 /* Products */,
			);
			sourceTree = "<group>";
		};
		A6E587081FE5673400AD7BB8 /* Products */ = {
			isa = PBXGroup;
			children = (
				A6E587071FE5673400AD7BB8 /* Example1.app */,
				A6E5871B1FE5673500AD7BB8 /* Example1Tests.xctest */,
				A6E587261FE5673500AD7BB8 /* Example1UITests.xctest */,
			);
			name = Products;
			sourceTree = "<group>";
		};
		A6E587091FE5673400AD7BB8 /* Example1 */ = {
			isa = PBXGroup;
			children = (
				A6E5870A1FE5673500AD7BB8 /* AppDelegate.swift */,
				A6E5870C1FE5673500AD7BB8 /* ViewController.swift */,
				A6E587381FE6349F00AD7BB8 /* SongsController.swift */,
				A6E5870E1FE5673500AD7BB8 /* Main.storyboard */,
				A6E587111FE5673500AD7BB8 /* Assets.xcassets */,
				A6E587131FE5673500AD7BB8 /* LaunchScreen.storyboard */,
				A6E587161FE5673500AD7BB8 /* Info.plist */,
			);
			path = Example1;
			sourceTree = "<group>";
		};
		A6E5871E1FE5673500AD7BB8 /* Example1Tests */ = {
			isa = PBXGroup;
			children = (
				A6E5871F1FE5673500AD7BB8 /* Example1Tests.swift */,
				A6E587211FE5673500AD7BB8 /* Info.plist */,
			);
			path = Example1Tests;
			sourceTree = "<group>";
		};
		A6E587291FE5673500AD7BB8 /* Example1UITests */ = {
			isa = PBXGroup;
			children = (
				A6E5872A1FE5673500AD7BB8 /* Example1UITests.swift */,
				A6E5872C1FE5673500AD7BB8 /* Info.plist */,
			);
			path = Example1UITests;
			sourceTree = "<group>";
		};
/* End PBXGroup section */

/* Begin PBXNativeTarget section */
		A6E587061FE5673400AD7BB8 /* Example1 */ = {
			isa = PBXNativeTarget;
			buildConfigurationList = A6E5872F1FE5673500AD7BB8 /* Build configuration list for PBXNativeTarget "Example1" */;
			buildPhases = (
				A6E587031FE5673400AD7BB8 /* Sources */,
				A6E587041FE5673400AD7BB8 /* Frameworks */,
				A6E587051FE5673400AD7BB8 /* Resources */,
			);
			buildRules = (
			);
			dependencies = (
			);
			name = Example1;
			productName = Example1;
			productReference = A6E587071FE5673400AD7BB8 /* Example1.app */;
			productType = "com.apple.product-type.application";
		};
		A6E5871A1FE5673500AD7BB8 /* Example1Tests */ = {
			isa = PBXNativeTarget;
			buildConfigurationList = A6E587321FE5673500AD7BB8 /* Build configuration list for PBXNativeTarget "Example1Tests" */;
			buildPhases = (
				A6E587171FE5673500AD7BB8 /* Sources */,
				A6E587181FE5673500AD7BB8 /* Frameworks */,
				A6E587191FE5673500AD7BB8 /* Resources */,
			);
			buildRules = (
			);
			dependencies = (
				A6E5871D1FE5673500AD7BB8 /* PBXTargetDependency */,
			);
			name = Example1Tests;
			productName = Example1Tests;
			productReference = A6E5871B1FE5673500AD7BB8 /* Example1Tests.xctest */;
			productType = "com.apple.product-type.bundle.unit-test";
		};
		A6E587251FE5673500AD7BB8 /* Example1UITests */ = {
			isa = PBXNativeTarget;
			buildConfigurationList = A6E587351FE5673500AD7BB8 /* Build configuration list for PBXNativeTarget "Example1UITests" */;
			buildPhases = (
				A6E587221FE5673500AD7BB8 /* Sources */,
				A6E587231FE5673500AD7BB8 /* Frameworks */,
				A6E587241FE5673500AD7BB8 /* Resources */,
			);
			buildRules = (
			);
			dependencies = (
				A6E587281FE5673500AD7BB8 /* PBXTargetDependency */,
			);
			name = Example1UITests;
			productName = Example1UITests;
			productReference = A6E587261FE5673500AD7BB8 /* Example1UITests.xctest */;
			productType = "com.apple.product-type.bundle.ui-testing";
		};
/* End PBXNativeTarget section */

/* Begin PBXProject section */
		A6E586FF1FE5673400AD7BB8 /* Project object */ = {
			isa = PBXProject;
			attributes = {
				LastSwiftUpdateCheck = 0920;
				LastUpgradeCheck = 0920;
				ORGANIZATIONNAME = "Karuppusamy Murugasamy";
				TargetAttributes = {
					A6E587061FE5673400AD7BB8 = {
						CreatedOnToolsVersion = 9.2;
						ProvisioningStyle = Automatic;
					};
					A6E5871A1FE5673500AD7BB8 = {
						CreatedOnToolsVersion = 9.2;
						ProvisioningStyle = Automatic;
						TestTargetID = A6E587061FE5673400AD7BB8;
					};
					A6E587251FE5673500AD7BB8 = {
						CreatedOnToolsVersion = 9.2;
						ProvisioningStyle = Automatic;
						TestTargetID = A6E587061FE5673400AD7BB8;
					};
				};
			};
			buildConfigurationList = A6E587021FE5673400AD7BB8 /* Build configuration list for PBXProject "Example1" */;
			compatibilityVersion = "Xcode 8.0";
			developmentRegion = en;
			hasScannedForEncodings = 0;
			knownRegions = (
				en,
				Base,
			);
			mainGroup = A6E586FE1FE5673400AD7BB8;
			productRefGroup = A6E587081FE5673400AD7BB8 /* Products */;
			projectDirPath = "";
			projectRoot = "";
			targets = (
				A6E587061FE5673400AD7BB8 /* Example1 */,
				A6E5871A1FE5673500AD7BB8 /* Example1Tests */,
				A6E587251FE5673500AD7BB8 /* Example1UITests */,
			);
		};
/* End PBXProject section */

/* Begin PBXResourcesBuildPhase section */
		A6E587051FE5673400AD7BB8 /* Resources */ = {
			isa = PBXResourcesBuildPhase;
			buildActionMask = 2147483647;
			files = (
				A6E587151FE5673500AD7BB8 /* LaunchScreen.storyboard in Resources */,
				A6E587121FE5673500AD7BB8 /* Assets.xcassets in Resources */,
				A6E587101FE5673500AD7BB8 /* Main.storyboard in Resources */,
			);
			runOnlyForDeploymentPostprocessing = 0;
		};
		A6E587191FE5673500AD7BB8 /* Resources */ = {
			isa = PBXResourcesBuildPhase;
			buildActionMask = 2147483647;
			files = (
			);
			runOnlyForDeploymentPostprocessing = 0;
		};
		A6E587241FE5673500AD7BB8 /* Resources */ = {
			isa = PBXResourcesBuildPhase;
			buildActionMask = 2147483647;
			files = (
			);
			runOnlyForDeploymentPostprocessing = 0;
		};
/* End PBXResourcesBuildPhase section */

/* Begin PBXSourcesBuildPhase section */
		A6E587031FE5673400AD7BB8 /* Sources */ = {
			isa = PBXSourcesBuildPhase;
			buildActionMask = 2147483647;
			files = (
				A6E587391FE6349F00AD7BB8 /* SongsController.swift in Sources */,
				A6E5870D1FE5673500AD7BB8 /* ViewController.swift in Sources */,
				A6E5870B1FE5673500AD7BB8 /* AppDelegate.swift in Sources */,
			);
			runOnlyForDeploymentPostprocessing = 0;
		};
		A6E587171FE5673500AD7BB8 /* Sources */ = {
			isa = PBXSourcesBuildPhase;
			buildActionMask = 2147483647;
			files = (
				A6E587201FE5673500AD7BB8 /* Example1Tests.swift in Sources */,
			);
			runOnlyForDeploymentPostprocessing = 0;
		};
		A6E587221FE5673500AD7BB8 /* Sources */ = {
			isa = PBXSourcesBuildPhase;
			buildActionMask = 2147483647;
			files = (
				A6E5872B1FE5673500AD7BB8 /* Example1UITests.swift in Sources */,
			);
			runOnlyForDeploymentPostprocessing = 0;
		};
/* End PBXSourcesBuildPhase section */

/* Begin PBXTargetDependency section */
		A6E5871D1FE5673500AD7BB8 /* PBXTargetDependency */ = {
			isa = PBXTargetDependency;
			target = A6E587061FE5673400AD7BB8 /* Example1 */;
			targetProxy = A6E5871C1FE5673500AD7BB8 /* PBXContainerItemProxy */;
		};
		A6E587281FE5673500AD7BB8 /* PBXTargetDependency */ = {
			isa = PBXTargetDependency;
			target = A6E587061FE5673400AD7BB8 /* Example1 */;
			targetProxy = A6E587271FE5673500AD7BB8 /* PBXContainerItemProxy */;
		};
/* End PBXTargetDependency section */

/* Begin PBXVariantGroup section */
		A6E5870E1FE5673500AD7BB8 /* Main.storyboard */ = {
			isa = PBXVariantGroup;
			children = (
				A6E5870F1FE5673500AD7BB8 /* Base */,
			);
			name = Main.storyboard;
			sourceTree = "<group>";
		};
		A6E587131FE5673500AD7BB8 /* LaunchScreen.storyboard */ = {
			isa = PBXVariantGroup;
			children = (
				A6E587141FE5673500AD7BB8 /* Base */,
			);
			name = LaunchScreen.storyboard;
			sourceTree = "<group>";
		};
/* End PBXVariantGroup section */

/* Begin XCBuildConfiguration section */
		A6E5872D1FE5673500AD7BB8 /* Debug */ = {
			isa = XCBuildConfiguration;
			buildSettings = {
				ALWAYS_SEARCH_USER_PATHS = NO;
				CLANG_ANALYZER_NONNULL = YES;
				CLANG_ANALYZER_NUMBER_OBJECT_CONVERSION = YES_AGGRESSIVE;
				CLANG_CXX_LANGUAGE_STANDARD = "gnu++14";
				CLANG_CXX_LIBRARY = "libc++";
				CLANG_ENABLE_MODULES = YES;
				CLANG_ENABLE_OBJC_ARC = YES;
				CLANG_WARN_BLOCK_CAPTURE_AUTORELEASING = YES;
				CLANG_WARN_BOOL_CONVERSION = YES;
				CLANG_WARN_COMMA = YES;
				CLANG_WARN_CONSTANT_CONVERSION = YES;
				CLANG_WARN_DIRECT_OBJC_ISA_USAGE = YES_ERROR;
				CLANG_WARN_DOCUMENTATION_COMMENTS = YES;
				CLANG_WARN_EMPTY_BODY = YES;
				CLANG_WARN_ENUM_CONVERSION = YES;
				CLANG_WARN_INFINITE_RECURSION = YES;
				CLANG_WARN_INT_CONVERSION = YES;
				CLANG_WARN_NON_LITERAL_NULL_CONVERSION = YES;
				CLANG_WARN_OBJC_LITERAL_CONVERSION = YES;
				CLANG_WARN_OBJC_ROOT_CLASS = YES_ERROR;
				CLANG_WARN_RANGE_LOOP_ANALYSIS = YES;
				CLANG_WARN_STRICT_PROTOTYPES = YES;
				CLANG_WARN_SUSPICIOUS_MOVE = YES;
				CLANG_WARN_UNGUARDED_AVAILABILITY = YES_AGGRESSIVE;
				CLANG_WARN_UNREACHABLE_CODE = YES;
				CLANG_WARN__DUPLICATE_METHOD_MATCH = YES;
				CODE_SIGN_IDENTITY = "iPhone Developer";
				COPY_PHASE_STRIP = NO;
				DEBUG_INFORMATION_FORMAT = dwarf;
				ENABLE_STRICT_OBJC_MSGSEND = YES;
				ENABLE_TESTABILITY = YES;
				GCC_C_LANGUAGE_STANDARD = gnu11;
				GCC_DYNAMIC_NO_PIC = NO;
				GCC_NO_COMMON_BLOCKS = YES;
				GCC_OPTIMIZATION_LEVEL = 0;
				GCC_PREPROCESSOR_DEFINITIONS = (
					"DEBUG=1",
					"$(inherited)",
				);
				GCC_WARN_64_TO_32_BIT_CONVERSION = YES;
				GCC_WARN_ABOUT_RETURN_TYPE = YES_ERROR;
				GCC_WARN_UNDECLARED_SELECTOR = YES;
				GCC_WARN_UNINITIALIZED_AUTOS = YES_AGGRESSIVE;
				GCC_WARN_UNUSED_FUNCTION = YES;
				GCC_WARN_UNUSED_VARIABLE = YES;
				IPHONEOS_DEPLOYMENT_TARGET = 11.2;
				MTL_ENABLE_DEBUG_INFO = YES;
				ONLY_ACTIVE_ARCH = YES;
				SDKROOT = iphoneos;
				SWIFT_ACTIVE_COMPILATION_CONDITIONS = DEBUG;
				SWIFT_OPTIMIZATION_LEVEL = "-Onone";
			};
			name = Debug;
		};
		A6E5872E1FE5673500AD7BB8 /* Release */ = {
			isa = XCBuildConfiguration;
			buildSettings = {
				ALWAYS_SEARCH_USER_PATHS = NO;
				CLANG_ANALYZER_NONNULL = YES;
				CLANG_ANALYZER_NUMBER_OBJECT_CONVERSION = YES_AGGRESSIVE;
				CLANG_CXX_LANGUAGE_STANDARD = "gnu++14";
				CLANG_CXX_LIBRARY = "libc++";
				CLANG_ENABLE_MODULES = YES;
				CLANG_ENABLE_OBJC_ARC = YES;
				CLANG_WARN_BLOCK_CAPTURE_AUTORELEASING = YES;
				CLANG_WARN_BOOL_CONVERSION = YES;
				CLANG_WARN_COMMA = YES;
				CLANG_WARN_CONSTANT_CONVERSION = YES;
				CLANG_WARN_DIRECT_OBJC_ISA_USAGE = YES_ERROR;
				CLANG_WARN_DOCUMENTATION_COMMENTS = YES;
				CLANG_WARN_EMPTY_BODY = YES;
				CLANG_WARN_ENUM_CONVERSION = YES;
				CLANG_WARN_INFINITE_RECURSION = YES;
				CLANG_WARN_INT_CONVERSION = YES;
				CLANG_WARN_NON_LITERAL_NULL_CONVERSION = YES;
				CLANG_WARN_OBJC_LITERAL_CONVERSION = YES;
				CLANG_WARN_OBJC_ROOT_CLASS = YES_ERROR;
				CLANG_WARN_RANGE_LOOP_ANALYSIS = YES;
				CLANG_WARN_STRICT_PROTOTYPES = YES;
				CLANG_WARN_SUSPICIOUS_MOVE = YES;
				CLANG_WARN_UNGUARDED_AVAILABILITY = YES_AGGRESSIVE;
				CLANG_WARN_UNREACHABLE_CODE = YES;
				CLANG_WARN__DUPLICATE_METHOD_MATCH = YES;
				CODE_SIGN_IDENTITY = "iPhone Developer";
				COPY_PHASE_STRIP = NO;
				DEBUG_INFORMATION_FORMAT = "dwarf-with-dsym";
				ENABLE_NS_ASSERTIONS = NO;
				ENABLE_STRICT_OBJC_MSGSEND = YES;
				GCC_C_LANGUAGE_STANDARD = gnu11;
				GCC_NO_COMMON_BLOCKS = YES;
				GCC_WARN_64_TO_32_BIT_CONVERSION = YES;
				GCC_WARN_ABOUT_RETURN_TYPE = YES_ERROR;
				GCC_WARN_UNDECLARED_SELECTOR = YES;
				GCC_WARN_UNINITIALIZED_AUTOS = YES_AGGRESSIVE;
				GCC_WARN_UNUSED_FUNCTION = YES;
				GCC_WARN_UNUSED_VARIABLE = YES;
				IPHONEOS_DEPLOYMENT_TARGET = 11.2;
				MTL_ENABLE_DEBUG_INFO = NO;
				SDKROOT = iphoneos;
				SWIFT_OPTIMIZATION_LEVEL = "-Owholemodule";
				VALIDATE_PRODUCT = YES;
			};
			name = Release;
		};
		A6E587301FE5673500AD7BB8 /* Debug */ = {
			isa = XCBuildConfiguration;
			buildSettings = {
				ASSETCATALOG_COMPILER_APPICON_NAME = AppIcon;
				CODE_SIGN_STYLE = Automatic;
				DEVELOPMENT_TEAM = M6THAS8C95;
				INFOPLIST_FILE = Example1/Info.plist;
				LD_RUNPATH_SEARCH_PATHS = "$(inherited) @executable_path/Frameworks";
				PRODUCT_BUNDLE_IDENTIFIER = com.hms.Example1;
				PRODUCT_NAME = "$(TARGET_NAME)";
				SWIFT_VERSION = 4.0;
				TARGETED_DEVICE_FAMILY = "1,2";
			};
			name = Debug;
		};
		A6E587311FE5673500AD7BB8 /* Release */ = {
			isa = XCBuildConfiguration;
			buildSettings = {
				ASSETCATALOG_COMPILER_APPICON_NAME = AppIcon;
				CODE_SIGN_STYLE = Automatic;
				DEVELOPMENT_TEAM = M6THAS8C95;
				INFOPLIST_FILE = Example1/Info.plist;
				LD_RUNPATH_SEARCH_PATHS = "$(inherited) @executable_path/Frameworks";
				PRODUCT_BUNDLE_IDENTIFIER = com.hms.Example1;
				PRODUCT_NAME = "$(TARGET_NAME)";
				SWIFT_VERSION = 4.0;
				TARGETED_DEVICE_FAMILY = "1,2";
			};
			name = Release;
		};
		A6E587331FE5673500AD7BB8 /* Debug */ = {
			isa = XCBuildConfiguration;
			buildSettings = {
				ALWAYS_EMBED_SWIFT_STANDARD_LIBRARIES = YES;
				BUNDLE_LOADER = "$(TEST_HOST)";
				CODE_SIGN_STYLE = Automatic;
				DEVELOPMENT_TEAM = M6THAS8C95;
				INFOPLIST_FILE = Example1Tests/Info.plist;
				LD_RUNPATH_SEARCH_PATHS = "$(inherited) @executable_path/Frameworks @loader_path/Frameworks";
				PRODUCT_BUNDLE_IDENTIFIER = com.hms.Example1Tests;
				PRODUCT_NAME = "$(TARGET_NAME)";
				SWIFT_VERSION = 4.0;
				TARGETED_DEVICE_FAMILY = "1,2";
				TEST_HOST = "$(BUILT_PRODUCTS_DIR)/Example1.app/Example1";
			};
			name = Debug;
		};
		A6E587341FE5673500AD7BB8 /* Release */ = {
			isa = XCBuildConfiguration;
			buildSettings = {
				ALWAYS_EMBED_SWIFT_STANDARD_LIBRARIES = YES;
				BUNDLE_LOADER = "$(TEST_HOST)";
				CODE_SIGN_STYLE = Automatic;
				DEVELOPMENT_TEAM = M6THAS8C95;
				INFOPLIST_FILE = Example1Tests/Info.plist;
				LD_RUNPATH_SEARCH_PATHS = "$(inherited) @executable_path/Frameworks @loader_path/Frameworks";
				PRODUCT_BUNDLE_IDENTIFIER = com.hms.Example1Tests;
				PRODUCT_NAME = "$(TARGET_NAME)";
				SWIFT_VERSION = 4.0;
				TARGETED_DEVICE_FAMILY = "1,2";
				TEST_HOST = "$(BUILT_PRODUCTS_DIR)/Example1.app/Example1";
			};
			name = Release;
		};
		A6E587361FE5673500AD7BB8 /* Debug */ = {
			isa = XCBuildConfiguration;
			buildSettings = {
				ALWAYS_EMBED_SWIFT_STANDARD_LIBRARIES = YES;
				CODE_SIGN_STYLE = Automatic;
				DEVELOPMENT_TEAM = M6THAS8C95;
				INFOPLIST_FILE = Example1UITests/Info.plist;
				LD_RUNPATH_SEARCH_PATHS = "$(inherited) @executable_path/Frameworks @loader_path/Frameworks";
				PRODUCT_BUNDLE_IDENTIFIER = com.hms.Example1UITests;
				PRODUCT_NAME = "$(TARGET_NAME)";
				SWIFT_VERSION = 4.0;
				TARGETED_DEVICE_FAMILY = "1,2";
				TEST_TARGET_NAME = Example1;
			};
			name = Debug;
		};
		A6E587371FE5673500AD7BB8 /* Release */ = {
			isa = XCBuildConfiguration;
			buildSettings = {
				ALWAYS_EMBED_SWIFT_STANDARD_LIBRARIES = YES;
				CODE_SIGN_STYLE = Automatic;
				DEVELOPMENT_TEAM = M6THAS8C95;
				INFOPLIST_FILE = Example1UITests/Info.plist;
				LD_RUNPATH_SEARCH_PATHS = "$(inherited) @executable_path/Frameworks @loader_path/Frameworks";
				PRODUCT_BUNDLE_IDENTIFIER = com.hms.Example1UITests;
				PRODUCT_NAME = "$(TARGET_NAME)";
				SWIFT_VERSION = 4.0;
				TARGETED_DEVICE_FAMILY = "1,2";
				TEST_TARGET_NAME = Example1;
			};
			name = Release;
		};
/* End XCBuildConfiguration section */

/* Begin XCConfigurationList section */
		A6E587021FE5673400AD7BB8 /* Build configuration list for PBXProject "Example1" */ = {
			isa = XCConfigurationList;
			buildConfigurations = (
				A6E5872D1FE5673500AD7BB8 /* Debug */,
				A6E5872E1FE5673500AD7BB8 /* Release */,
			);
			defaultConfigurationIsVisible = 0;
			defaultConfigurationName = Release;
		};
		A6E5872F1FE5673500AD7BB8 /* Build configuration list for PBXNativeTarget "Example1" */ = {
			isa = XCConfigurationList;
			buildConfigurations = (
				A6E587301FE5673500AD7BB8 /* Debug */,
				A6E587311FE5673500AD7BB8 /* Release */,
			);
			defaultConfigurationIsVisible = 0;
			defaultConfigurationName = Release;
		};
		A6E587321FE5673500AD7BB8 /* Build configuration list for PBXNativeTarget "Example1Tests" */ = {
			isa = XCConfigurationList;
			buildConfigurations = (
				A6E587331FE5673500AD7BB8 /* Debug */,
				A6E587341FE5673500AD7BB8 /* Release */,
			);
			defaultConfigurationIsVisible = 0;
			defaultConfigurationName = Release;
		};
		A6E587351FE5673500AD7BB8 /* Build configuration list for PBXNativeTarget "Example1UITests" */ = {
			isa = XCConfigurationList;
			buildConfigurations = (
				A6E587361FE5673500AD7BB8 /* Debug */,
				A6E587371FE5673500AD7BB8 /* Release */,
			);
			defaultConfigurationIsVisible = 0;
			defaultConfigurationName = Release;
		};
/* End XCConfigurationList section */
	};
	rootObject = A6E586FF1FE5673400AD7BB8 /* Project object */;
}
